<?xml version="1.0" encoding="utf-8"?>
<Project ToolsVersion="4.0" xmlns="http://schemas.microsoft.com/developer/msbuild/2003">
  <ItemGroup>
    <Filter Include="源文件">
      <UniqueIdentifier>{4FC737F1-C7A5-4376-A066-2A32D752A2FF}</UniqueIdentifier>
      <Extensions>cpp;c;cc;cxx;def;odl;idl;hpj;bat;asm;asmx</Extensions>
    </Filter>
    <Filter Include="头文件">
      <UniqueIdentifier>{93995380-89BD-4b04-88EB-625FBE52EBFB}</UniqueIdentifier>
      <Extensions>h;hh;hpp;hxx;hm;inl;inc;ipp;xsd</Extensions>
    </Filter>
    <Filter Include="资源文件">
      <UniqueIdentifier>{67DA6AB6-F800-4c08-8B7A-83BB121AAD01}</UniqueIdentifier>
      <Extensions>rc;ico;cur;bmp;dlg;rc2;rct;bin;rgs;gif;jpg;jpeg;jpe;resx;tiff;tif;png;wav;mfcribbon-ms</Extensions>
    </Filter>
  </ItemGroup>
  <ItemGroup>
    <ClCompile Include="Database\database.c">
      <Filter>源文件</Filter>
    </ClCompile>
    <ClCompile Include="Database\diphone_info.c">
      <Filter>源文件</Filter>
    </ClCompile>
    <ClCompile Include="Database\hash_tab.c">
      <Filter>源文件</Filter>
    </ClCompile>
    <ClCompile Include="Database\zstring_list.c">
      <Filter>源文件</Filter>
    </ClCompile>
    <ClCompile Include="Engine\diphone.c">
      <Filter>源文件</Filter>
    </ClCompile>
    <ClCompile Include="Engine\mbrola.c">
      <Filter>源文件</Filter>
    </ClCompile>
    <ClCompile Include="Misc\audio.c">
      <Filter>源文件</Filter>
    </ClCompile>
    <ClCompile Include="Misc\common.c">
      <Filter>源文件</Filter>
    </ClCompile>
    <ClCompile Include="Misc\mbralloc.c">
      <Filter>源文件</Filter>
    </ClCompile>
    <ClCompile Include="Misc\vp_error.c">
      <Filter>源文件</Filter>
    </ClCompile>
    <ClCompile Include="Parser\input_file.c">
      <Filter>源文件</Filter>
    </ClCompile>
    <ClCompile Include="Parser\parser_input.c">
      <Filter>源文件</Filter>
    </ClCompile>
    <ClCompile Include="Parser\phonbuff.c">
      <Filter>源文件</Filter>
    </ClCompile>
    <ClCompile Include="Parser\phone.c">
      <Filter>源文件</Filter>
    </ClCompile>
    <ClCompile Include="Standalone\synth.c">
      <Filter>源文件</Filter>
    </ClCompile>
    <ClCompile Include="Database\database_old.c">
      <Filter>源文件</Filter>
    </ClCompile>
    <ClCompile Include="Database\little_big.c">
      <Filter>源文件</Filter>
    </ClCompile>
  </ItemGroup>
  <ItemGroup>
    <ClInclude Include="Database\database.h">
      <Filter>头文件</Filter>
    </ClInclude>
    <ClInclude Include="Database\database_old.h">
      <Filter>头文件</Filter>
    </ClInclude>
    <ClInclude Include="Database\diphone_info.h">
      <Filter>头文件</Filter>
    </ClInclude>
    <ClInclude Include="Database\hash_tab.h">
      <Filter>头文件</Filter>
    </ClInclude>
    <ClInclude Include="Database\little_big.h">
      <Filter>头文件</Filter>
    </ClInclude>
    <ClInclude Include="Database\rom_database.h">
      <Filter>头文件</Filter>
    </ClInclude>
    <ClInclude Include="Database\rom_handling.h">
      <Filter>头文件</Filter>
    </ClInclude>
    <ClInclude Include="Database\zstring_list.h">
      <Filter>头文件</Filter>
    </ClInclude>
    <ClInclude Include="Engine\diphone.h">
      <Filter>头文件</Filter>
    </ClInclude>
    <ClInclude Include="Engine\mbrola.h">
      <Filter>头文件</Filter>
    </ClInclude>
    <ClInclude Include="LibMultiChannel\multichannel.h">
      <Filter>头文件</Filter>
    </ClInclude>
    <ClInclude Include="LibOneChannel\onechannel.h">
      <Filter>头文件</Filter>
    </ClInclude>
    <ClInclude Include="Misc\audio.h">
      <Filter>头文件</Filter>
    </ClInclude>
    <ClInclude Include="Misc\common.h">
      <Filter>头文件</Filter>
    </ClInclude>
    <ClInclude Include="Misc\g711.h">
      <Filter>头文件</Filter>
    </ClInclude>
    <ClInclude Include="Misc\incdll.h">
      <Filter>头文件</Filter>
    </ClInclude>
    <ClInclude Include="Misc\mbralloc.h">
      <Filter>头文件</Filter>
    </ClInclude>
    <ClInclude Include="Misc\parser_export.h">
      <Filter>头文件</Filter>
    </ClInclude>
    <ClInclude Include="Misc\vp_error.h">
      <Filter>头文件</Filter>
    </ClInclude>
    <ClInclude Include="Parser\fifo.h">
      <Filter>头文件</Filter>
    </ClInclude>
    <ClInclude Include="Parser\input.h">
      <Filter>头文件</Filter>
    </ClInclude>
    <ClInclude Include="Parser\input_fifo.h">
      <Filter>头文件</Filter>
    </ClInclude>
    <ClInclude Include="Parser\input_file.h">
      <Filter>头文件</Filter>
    </ClInclude>
    <ClInclude Include="Parser\parser.h">
      <Filter>头文件</Filter>
    </ClInclude>
    <ClInclude Include="Parser\parser_input.h">
      <Filter>头文件</Filter>
    </ClInclude>
    <ClInclude Include="Parser\phonbuff.h">
      <Filter>头文件</Filter>
    </ClInclude>
    <ClInclude Include="Parser\phone.h">
      <Filter>头文件</Filter>
    </ClInclude>
    <ClInclude Include="Parser\phone_export.h">
      <Filter>头文件</Filter>
    </ClInclude>
    <ClInclude Include="Standalone\synth.h">
      <Filter>头文件</Filter>
    </ClInclude>
    <ClInclude Include="Standalone\Posix\getopt.h">
      <Filter>头文件</Filter>
    </ClInclude>
  </ItemGroup>
  <ItemGroup>
    <None Include="out.pho">
      <Filter>资源文件</Filter>
    </None>
  </ItemGroup>
  <ItemGroup>
    <Media Include="msg.wav">
      <Filter>资源文件</Filter>
    </Media>
  </ItemGroup>
</Project>